// !$*UTF8*$!
{
	archiveVersion = 1;
	classes = {
	};
	objectVersion = 46;
	objects = {

/* Begin PBXBuildFile section */
		4A43261A2072798300BB25EE /* Person+CoreDataClass.m in Sources */ = {isa = PBXBuildFile; fileRef = 4A43260F2072798300BB25EE /* Person+CoreDataClass.m */; };
		4A43261B2072798300BB25EE /* Person+CoreDataProperties.m in Sources */ = {isa = PBXBuildFile; fileRef = 4A4326112072798300BB25EE /* Person+CoreDataProperties.m */; };
		4A43261C2072798300BB25EE /* Phong+CoreDataClass.m in Sources */ = {isa = PBXBuildFile; fileRef = 4A4326132072798300BB25EE /* Phong+CoreDataClass.m */; };
		4A43261D2072798300BB25EE /* Phong+CoreDataProperties.m in Sources */ = {isa = PBXBuildFile; fileRef = 4A4326152072798300BB25EE /* Phong+CoreDataProperties.m */; };
		4A43261E2072798300BB25EE /* Nhanvien+CoreDataClass.m in Sources */ = {isa = PBXBuildFile; fileRef = 4A4326172072798300BB25EE /* Nhanvien+CoreDataClass.m */; };
		4A43261F2072798300BB25EE /* Nhanvien+CoreDataProperties.m in Sources */ = {isa = PBXBuildFile; fileRef = 4A4326192072798300BB25EE /* Nhanvien+CoreDataProperties.m */; };
		4A4B5A7020724CDC009480D1 /* main.m in Sources */ = {isa = PBXBuildFile; fileRef = 4A4B5A6F20724CDC009480D1 /* main.m */; };
		4A4B5A7320724CDC009480D1 /* AppDelegate.m in Sources */ = {isa = PBXBuildFile; fileRef = 4A4B5A7220724CDC009480D1 /* AppDelegate.m */; };
		4A4B5A7620724CDC009480D1 /* ViewController.m in Sources */ = {isa = PBXBuildFile; fileRef = 4A4B5A7520724CDC009480D1 /* ViewController.m */; };
		4A4B5A7920724CDC009480D1 /* Main.storyboard in Resources */ = {isa = PBXBuildFile; fileRef = 4A4B5A7720724CDC009480D1 /* Main.storyboard */; };
		4A4B5A7C20724CDC009480D1 /* iCoreData.xcdatamodeld in Sources */ = {isa = PBXBuildFile; fileRef = 4A4B5A7A20724CDC009480D1 /* iCoreData.xcdatamodeld */; };
		4A4B5A7E20724CDC009480D1 /* Assets.xcassets in Resources */ = {isa = PBXBuildFile; fileRef = 4A4B5A7D20724CDC009480D1 /* Assets.xcassets */; };
		4A4B5A8120724CDC009480D1 /* LaunchScreen.storyboard in Resources */ = {isa = PBXBuildFile; fileRef = 4A4B5A7F20724CDC009480D1 /* LaunchScreen.storyboard */; };
		4A4B5A8A20724CFB009480D1 /* infoDATAView.m in Sources */ = {isa = PBXBuildFile; fileRef = 4A4B5A8920724CFB009480D1 /* infoDATAView.m */; };
		4A4B5B272072728F009480D1 /* NSDate+converterDate.m in Sources */ = {isa = PBXBuildFile; fileRef = 4A4B5B262072728F009480D1 /* NSDate+converterDate.m */; };
/* End PBXBuildFile section */

/* Begin PBXFileReference section */
		4A43260E2072798300BB25EE /* Person+CoreDataClass.h */ = {isa = PBXFileReference; fileEncoding = 4; lastKnownFileType = sourcecode.c.h; path = "Person+CoreDataClass.h"; sourceTree = "<group>"; };
		4A43260F2072798300BB25EE /* Person+CoreDataClass.m */ = {isa = PBXFileReference; fileEncoding = 4; lastKnownFileType = sourcecode.c.objc; path = "Person+CoreDataClass.m"; sourceTree = "<group>"; };
		4A4326102072798300BB25EE /* Person+CoreDataProperties.h */ = {isa = PBXFileReference; fileEncoding = 4; lastKnownFileType = sourcecode.c.h; path = "Person+CoreDataProperties.h"; sourceTree = "<group>"; };
		4A4326112072798300BB25EE /* Person+CoreDataProperties.m */ = {isa = PBXFileReference; fileEncoding = 4; lastKnownFileType = sourcecode.c.objc; path = "Person+CoreDataProperties.m"; sourceTree = "<group>"; };
		4A4326122072798300BB25EE /* Phong+CoreDataClass.h */ = {isa = PBXFileReference; fileEncoding = 4; lastKnownFileType = sourcecode.c.h; path = "Phong+CoreDataClass.h"; sourceTree = "<group>"; };
		4A4326132072798300BB25EE /* Phong+CoreDataClass.m */ = {isa = PBXFileReference; fileEncoding = 4; lastKnownFileType = sourcecode.c.objc; path = "Phong+CoreDataClass.m"; sourceTree = "<group>"; };
		4A4326142072798300BB25EE /* Phong+CoreDataProperties.h */ = {isa = PBXFileReference; fileEncoding = 4; lastKnownFileType = sourcecode.c.h; path = "Phong+CoreDataProperties.h"; sourceTree = "<group>"; };
		4A4326152072798300BB25EE /* Phong+CoreDataProperties.m */ = {isa = PBXFileReference; fileEncoding = 4; lastKnownFileType = sourcecode.c.objc; path = "Phong+CoreDataProperties.m"; sourceTree = "<group>"; };
		4A4326162072798300BB25EE /* Nhanvien+CoreDataClass.h */ = {isa = PBXFileReference; fileEncoding = 4; lastKnownFileType = sourcecode.c.h; path = "Nhanvien+CoreDataClass.h"; sourceTree = "<group>"; };
		4A4326172072798300BB25EE /* Nhanvien+CoreDataClass.m */ = {isa = PBXFileReference; fileEncoding = 4; lastKnownFileType = sourcecode.c.objc; path = "Nhanvien+CoreDataClass.m"; sourceTree = "<group>"; };
		4A4326182072798300BB25EE /* Nhanvien+CoreDataProperties.h */ = {isa = PBXFileReference; fileEncoding = 4; lastKnownFileType = sourcecode.c.h; path = "Nhanvien+CoreDataProperties.h"; sourceTree = "<group>"; };
		4A4326192072798300BB25EE /* Nhanvien+CoreDataProperties.m */ = {isa = PBXFileReference; fileEncoding = 4; lastKnownFileType = sourcecode.c.objc; path = "Nhanvien+CoreDataProperties.m"; sourceTree = "<group>"; };
		4A4B5A6B20724CDC009480D1 /* iCoreData.app */ = {isa = PBXFileReference; explicitFileType = wrapper.application; includeInIndex = 0; path = iCoreData.app; sourceTree = BUILT_PRODUCTS_DIR; };
		4A4B5A6F20724CDC009480D1 /* main.m */ = {isa = PBXFileReference; lastKnownFileType = sourcecode.c.objc; path = main.m; sourceTree = "<group>"; };
		4A4B5A7120724CDC009480D1 /* AppDelegate.h */ = {isa = PBXFileReference; lastKnownFileType = sourcecode.c.h; path = AppDelegate.h; sourceTree = "<group>"; };
		4A4B5A7220724CDC009480D1 /* AppDelegate.m */ = {isa = PBXFileReference; lastKnownFileType = sourcecode.c.objc; path = AppDelegate.m; sourceTree = "<group>"; };
		4A4B5A7420724CDC009480D1 /* ViewController.h */ = {isa = PBXFileReference; lastKnownFileType = sourcecode.c.h; path = ViewController.h; sourceTree = "<group>"; };
		4A4B5A7520724CDC009480D1 /* ViewController.m */ = {isa = PBXFileReference; lastKnownFileType = sourcecode.c.objc; path = ViewController.m; sourceTree = "<group>"; };
		4A4B5A7820724CDC009480D1 /* Base */ = {isa = PBXFileReference; lastKnownFileType = file.storyboard; name = Base; path = Base.lproj/Main.storyboard; sourceTree = "<group>"; };
		4A4B5A7B20724CDC009480D1 /* iCoreData.xcdatamodel */ = {isa = PBXFileReference; lastKnownFileType = wrapper.xcdatamodel; path = iCoreData.xcdatamodel; sourceTree = "<group>"; };
		4A4B5A7D20724CDC009480D1 /* Assets.xcassets */ = {isa = PBXFileReference; lastKnownFileType = folder.assetcatalog; path = Assets.xcassets; sourceTree = "<group>"; };
		4A4B5A8020724CDC009480D1 /* Base */ = {isa = PBXFileReference; lastKnownFileType = file.storyboard; name = Base; path = Base.lproj/LaunchScreen.storyboard; sourceTree = "<group>"; };
		4A4B5A8220724CDC009480D1 /* Info.plist */ = {isa = PBXFileReference; lastKnownFileType = text.plist.xml; path = Info.plist; sourceTree = "<group>"; };
		4A4B5A8820724CFB009480D1 /* infoDATAView.h */ = {isa = PBXFileReference; fileEncoding = 4; lastKnownFileType = sourcecode.c.h; path = infoDATAView.h; sourceTree = "<group>"; };
		4A4B5A8920724CFB009480D1 /* infoDATAView.m */ = {isa = PBXFileReference; fileEncoding = 4; lastKnownFileType = sourcecode.c.objc; path = infoDATAView.m; sourceTree = "<group>"; };
		4A4B5B252072728F009480D1 /* NSDate+converterDate.h */ = {isa = PBXFileReference; fileEncoding = 4; lastKnownFileType = sourcecode.c.h; name = "NSDate+converterDate.h"; path = "../NSDate+converterDate.h"; sourceTree = "<group>"; };
		4A4B5B262072728F009480D1 /* NSDate+converterDate.m */ = {isa = PBXFileReference; fileEncoding = 4; lastKnownFileType = sourcecode.c.objc; name = "NSDate+converterDate.m"; path = "../NSDate+converterDate.m"; sourceTree = "<group>"; };
/* End PBXFileReference section */

/* Begin PBXFrameworksBuildPhase section */
		4A4B5A6820724CDC009480D1 /* Frameworks */ = {
			isa = PBXFrameworksBuildPhase;
			buildActionMask = 2147483647;
			files = (
			);
			runOnlyForDeploymentPostprocessing = 0;
		};
/* End PBXFrameworksBuildPhase section */

/* Begin PBXGroup section */
		4A4B5A6220724CDC009480D1 = {
			isa = PBXGroup;
			children = (
				4A43260E2072798300BB25EE /* Person+CoreDataClass.h */,
				4A43260F2072798300BB25EE /* Person+CoreDataClass.m */,
				4A4326102072798300BB25EE /* Person+CoreDataProperties.h */,
				4A4326112072798300BB25EE /* Person+CoreDataProperties.m */,
				4A4326122072798300BB25EE /* Phong+CoreDataClass.h */,
				4A4326132072798300BB25EE /* Phong+CoreDataClass.m */,
				4A4326142072798300BB25EE /* Phong+CoreDataProperties.h */,
				4A4326152072798300BB25EE /* Phong+CoreDataProperties.m */,
				4A4326162072798300BB25EE /* Nhanvien+CoreDataClass.h */,
				4A4326172072798300BB25EE /* Nhanvien+CoreDataClass.m */,
				4A4326182072798300BB25EE /* Nhanvien+CoreDataProperties.h */,
				4A4326192072798300BB25EE /* Nhanvien+CoreDataProperties.m */,
				4A4B5B2220726325009480D1 /* CoreData */,
				4A4B5AEB20725F48009480D1 /* iData */,
				4A4B5A6D20724CDC009480D1 /* iCoreData */,
				4A4B5A6C20724CDC009480D1 /* Products */,
			);
			sourceTree = "<group>";
		};
		4A4B5A6C20724CDC009480D1 /* Products */ = {
			isa = PBXGroup;
			children = (
				4A4B5A6B20724CDC009480D1 /* iCoreData.app */,
			);
			name = Products;
			sourceTree = "<group>";
		};
		4A4B5A6D20724CDC009480D1 /* iCoreData */ = {
			isa = PBXGroup;
			children = (
				4A4B5A7120724CDC009480D1 /* AppDelegate.h */,
				4A4B5A7220724CDC009480D1 /* AppDelegate.m */,
				4A4B5A7420724CDC009480D1 /* ViewController.h */,
				4A4B5A7520724CDC009480D1 /* ViewController.m */,
				4A4B5A8820724CFB009480D1 /* infoDATAView.h */,
				4A4B5A8920724CFB009480D1 /* infoDATAView.m */,
				4A4B5B252072728F009480D1 /* NSDate+converterDate.h */,
				4A4B5B262072728F009480D1 /* NSDate+converterDate.m */,
				4A4B5A7720724CDC009480D1 /* Main.storyboard */,
				4A4B5A7D20724CDC009480D1 /* Assets.xcassets */,
				4A4B5A7F20724CDC009480D1 /* LaunchScreen.storyboard */,
				4A4B5A8220724CDC009480D1 /* Info.plist */,
				4A4B5A7A20724CDC009480D1 /* iCoreData.xcdatamodeld */,
				4A4B5A6E20724CDC009480D1 /* Supporting Files */,
			);
			path = iCoreData;
			sourceTree = "<group>";
		};
		4A4B5A6E20724CDC009480D1 /* Supporting Files */ = {
			isa = PBXGroup;
			children = (
				4A4B5A6F20724CDC009480D1 /* main.m */,
			);
			name = "Supporting Files";
			sourceTree = "<group>";
		};
		4A4B5AEB20725F48009480D1 /* iData */ = {
			isa = PBXGroup;
			children = (
			);
			name = iData;
			sourceTree = "<group>";
		};
		4A4B5B2220726325009480D1 /* CoreData */ = {
			isa = PBXGroup;
			children = (
			);
			name = CoreData;
			sourceTree = "<group>";
		};
/* End PBXGroup section */

/* Begin PBXNativeTarget section */
		4A4B5A6A20724CDC009480D1 /* iCoreData */ = {
			isa = PBXNativeTarget;
			buildConfigurationList = 4A4B5A8520724CDC009480D1 /* Build configuration list for PBXNativeTarget "iCoreData" */;
			buildPhases = (
				4A4B5A6720724CDC009480D1 /* Sources */,
				4A4B5A6820724CDC009480D1 /* Frameworks */,
				4A4B5A6920724CDC009480D1 /* Resources */,
			);
			buildRules = (
			);
			dependencies = (
			);
			name = iCoreData;
			productName = iCoreData;
			productReference = 4A4B5A6B20724CDC009480D1 /* iCoreData.app */;
			productType = "com.apple.product-type.application";
		};
/* End PBXNativeTarget section */

/* Begin PBXProject section */
		4A4B5A6320724CDC009480D1 /* Project object */ = {
			isa = PBXProject;
			attributes = {
				LastUpgradeCheck = 0820;
				ORGANIZATIONNAME = "iDev Bao";
				TargetAttributes = {
					4A4B5A6A20724CDC009480D1 = {
						CreatedOnToolsVersion = 8.2.1;
						DevelopmentTeam = 93L9L9RF27;
						ProvisioningStyle = Automatic;
					};
				};
			};
			buildConfigurationList = 4A4B5A6620724CDC009480D1 /* Build configuration list for PBXProject "iCoreData" */;
			compatibilityVersion = "Xcode 3.2";
			developmentRegion = English;
			hasScannedForEncodings = 0;
			knownRegions = (
				en,
				Base,
			);
			mainGroup = 4A4B5A6220724CDC009480D1;
			productRefGroup = 4A4B5A6C20724CDC009480D1 /* Products */;
			projectDirPath = "";
			projectRoot = "";
			targets = (
				4A4B5A6A20724CDC009480D1 /* iCoreData */,
			);
		};
/* End PBXProject section */

/* Begin PBXResourcesBuildPhase section */
		4A4B5A6920724CDC009480D1 /* Resources */ = {
			isa = PBXResourcesBuildPhase;
			buildActionMask = 2147483647;
			files = (
				4A4B5A8120724CDC009480D1 /* LaunchScreen.storyboard in Resources */,
				4A4B5A7E20724CDC009480D1 /* Assets.xcassets in Resources */,
				4A4B5A7920724CDC009480D1 /* Main.storyboard in Resources */,
			);
			runOnlyForDeploymentPostprocessing = 0;
		};
/* End PBXResourcesBuildPhase section */

/* Begin PBXSourcesBuildPhase section */
		4A4B5A6720724CDC009480D1 /* Sources */ = {
			isa = PBXSourcesBuildPhase;
			buildActionMask = 2147483647;
			files = (
				4A43261B2072798300BB25EE /* Person+CoreDataProperties.m in Sources */,
				4A4B5B272072728F009480D1 /* NSDate+converterDate.m in Sources */,
				4A4B5A7620724CDC009480D1 /* ViewController.m in Sources */,
				4A43261C2072798300BB25EE /* Phong+CoreDataClass.m in Sources */,
				4A4B5A7320724CDC009480D1 /* AppDelegate.m in Sources */,
				4A4B5A8A20724CFB009480D1 /* infoDATAView.m in Sources */,
				4A43261F2072798300BB25EE /* Nhanvien+CoreDataProperties.m in Sources */,
				4A4B5A7C20724CDC009480D1 /* iCoreData.xcdatamodeld in Sources */,
				4A43261A2072798300BB25EE /* Person+CoreDataClass.m in Sources */,
				4A43261D2072798300BB25EE /* Phong+CoreDataProperties.m in Sources */,
				4A43261E2072798300BB25EE /* Nhanvien+CoreDataClass.m in Sources */,
				4A4B5A7020724CDC009480D1 /* main.m in Sources */,
			);
			runOnlyForDeploymentPostprocessing = 0;
		};
/* End PBXSourcesBuildPhase section */

/* Begin PBXVariantGroup section */
		4A4B5A7720724CDC009480D1 /* Main.storyboard */ = {
			isa = PBXVariantGroup;
			children = (
				4A4B5A7820724CDC009480D1 /* Base */,
			);
			name = Main.storyboard;
			sourceTree = "<group>";
		};
		4A4B5A7F20724CDC009480D1 /* LaunchScreen.storyboard */ = {
			isa = PBXVariantGroup;
			children = (
				4A4B5A8020724CDC009480D1 /* Base */,
			);
			name = LaunchScreen.storyboard;
			sourceTree = "<group>";
		};
/* End PBXVariantGroup section */

/* Begin XCBuildConfiguration section */
		4A4B5A8320724CDC009480D1 /* Debug */ = {
			isa = XCBuildConfiguration;
			buildSettings = {
				ALWAYS_SEARCH_USER_PATHS = NO;
				CLANG_ANALYZER_NONNULL = YES;
				CLANG_CXX_LANGUAGE_STANDARD = "gnu++0x";
				CLANG_CXX_LIBRARY = "libc++";
				CLANG_ENABLE_MODULES = YES;
				CLANG_ENABLE_OBJC_ARC = YES;
				CLANG_WARN_BOOL_CONVERSION = YES;
				CLANG_WARN_CONSTANT_CONVERSION = YES;
				CLANG_WARN_DIRECT_OBJC_ISA_USAGE = YES_ERROR;
				CLANG_WARN_DOCUMENTATION_COMMENTS = YES;
				CLANG_WARN_EMPTY_BODY = YES;
				CLANG_WARN_ENUM_CONVERSION = YES;
				CLANG_WARN_INFINITE_RECURSION = YES;
				CLANG_WARN_INT_CONVERSION = YES;
				CLANG_WARN_OBJC_ROOT_CLASS = YES_ERROR;
				CLANG_WARN_SUSPICIOUS_MOVE = YES;
				CLANG_WARN_UNREACHABLE_CODE = YES;
				CLANG_WARN__DUPLICATE_METHOD_MATCH = YES;
				"CODE_SIGN_IDENTITY[sdk=iphoneos*]" = "iPhone Developer";
				COPY_PHASE_STRIP = NO;
				DEBUG_INFORMATION_FORMAT = dwarf;
				ENABLE_STRICT_OBJC_MSGSEND = YES;
				ENABLE_TESTABILITY = YES;
				GCC_C_LANGUAGE_STANDARD = gnu99;
				GCC_DYNAMIC_NO_PIC = NO;
				GCC_NO_COMMON_BLOCKS = YES;
				GCC_OPTIMIZATION_LEVEL = 0;
				GCC_PREPROCESSOR_DEFINITIONS = (
					"DEBUG=1",
					"$(inherited)",
				);
				GCC_WARN_64_TO_32_BIT_CONVERSION = YES;
				GCC_WARN_ABOUT_RETURN_TYPE = YES_ERROR;
				GCC_WARN_UNDECLARED_SELECTOR = YES;
				GCC_WARN_UNINITIALIZED_AUTOS = YES_AGGRESSIVE;
				GCC_WARN_UNUSED_FUNCTION = YES;
				GCC_WARN_UNUSED_VARIABLE = YES;
				IPHONEOS_DEPLOYMENT_TARGET = 10.2;
				MTL_ENABLE_DEBUG_INFO = YES;
				ONLY_ACTIVE_ARCH = YES;
				SDKROOT = iphoneos;
			};
			name = Debug;
		};
		4A4B5A8420724CDC009480D1 /* Release */ = {
			isa = XCBuildConfiguration;
			buildSettings = {
				ALWAYS_SEARCH_USER_PATHS = NO;
				CLANG_ANALYZER_NONNULL = YES;
				CLANG_CXX_LANGUAGE_STANDARD = "gnu++0x";
				CLANG_CXX_LIBRARY = "libc++";
				CLANG_ENABLE_MODULES = YES;
				CLANG_ENABLE_OBJC_ARC = YES;
				CLANG_WARN_BOOL_CONVERSION = YES;
				CLANG_WARN_CONSTANT_CONVERSION = YES;
				CLANG_WARN_DIRECT_OBJC_ISA_USAGE = YES_ERROR;
				CLANG_WARN_DOCUMENTATION_COMMENTS = YES;
				CLANG_WARN_EMPTY_BODY = YES;
				CLANG_WARN_ENUM_CONVERSION = YES;
				CLANG_WARN_INFINITE_RECURSION = YES;
				CLANG_WARN_INT_CONVERSION = YES;
				CLANG_WARN_OBJC_ROOT_CLASS = YES_ERROR;
				CLANG_WARN_SUSPICIOUS_MOVE = YES;
				CLANG_WARN_UNREACHABLE_CODE = YES;
				CLANG_WARN__DUPLICATE_METHOD_MATCH = YES;
				"CODE_SIGN_IDENTITY[sdk=iphoneos*]" = "iPhone Developer";
				COPY_PHASE_STRIP = NO;
				DEBUG_INFORMATION_FORMAT = "dwarf-with-dsym";
				ENABLE_NS_ASSERTIONS = NO;
				ENABLE_STRICT_OBJC_MSGSEND = YES;
				GCC_C_LANGUAGE_STANDARD = gnu99;
				GCC_NO_COMMON_BLOCKS = YES;
				GCC_WARN_64_TO_32_BIT_CONVERSION = YES;
				GCC_WARN_ABOUT_RETURN_TYPE = YES_ERROR;
				GCC_WARN_UNDECLARED_SELECTOR = YES;
				GCC_WARN_UNINITIALIZED_AUTOS = YES_AGGRESSIVE;
				GCC_WARN_UNUSED_FUNCTION = YES;
				GCC_WARN_UNUSED_VARIABLE = YES;
				IPHONEOS_DEPLOYMENT_TARGET = 10.2;
				MTL_ENABLE_DEBUG_INFO = NO;
				SDKROOT = iphoneos;
				VALIDATE_PRODUCT = YES;
			};
			name = Release;
		};
		4A4B5A8620724CDC009480D1 /* Debug */ = {
			isa = XCBuildConfiguration;
			buildSettings = {
				ASSETCATALOG_COMPILER_APPICON_NAME = AppIcon;
				DEVELOPMENT_TEAM = 93L9L9RF27;
				INFOPLIST_FILE = iCoreData/Info.plist;
				LD_RUNPATH_SEARCH_PATHS = "$(inherited) @executable_path/Frameworks";
				PRODUCT_BUNDLE_IDENTIFIER = com.idevbao.iCoreData;
				PRODUCT_NAME = "$(TARGET_NAME)";
			};
			name = Debug;
		};
		4A4B5A8720724CDC009480D1 /* Release */ = {
			isa = XCBuildConfiguration;
			buildSettings = {
				ASSETCATALOG_COMPILER_APPICON_NAME = AppIcon;
				DEVELOPMENT_TEAM = 93L9L9RF27;
				INFOPLIST_FILE = iCoreData/Info.plist;
				LD_RUNPATH_SEARCH_PATHS = "$(inherited) @executable_path/Frameworks";
				PRODUCT_BUNDLE_IDENTIFIER = com.idevbao.iCoreData;
				PRODUCT_NAME = "$(TARGET_NAME)";
			};
			name = Release;
		};
/* End XCBuildConfiguration section */

/* Begin XCConfigurationList section */
		4A4B5A6620724CDC009480D1 /* Build configuration list for PBXProject "iCoreData" */ = {
			isa = XCConfigurationList;
			buildConfigurations = (
				4A4B5A8320724CDC009480D1 /* Debug */,
				4A4B5A8420724CDC009480D1 /* Release */,
			);
			defaultConfigurationIsVisible = 0;
			defaultConfigurationName = Release;
		};
		4A4B5A8520724CDC009480D1 /* Build configuration list for PBXNativeTarget "iCoreData" */ = {
			isa = XCConfigurationList;
			buildConfigurations = (
				4A4B5A8620724CDC009480D1 /* Debug */,
				4A4B5A8720724CDC009480D1 /* Release */,
			);
			defaultConfigurationIsVisible = 0;
			defaultConfigurationName = Release;
		};
/* End XCConfigurationList section */

/* Begin XCVersionGroup section */
		4A4B5A7A20724CDC009480D1 /* iCoreData.xcdatamodeld */ = {
			isa = XCVersionGroup;
			children = (
				4A4B5A7B20724CDC009480D1 /* iCoreData.xcdatamodel */,
			);
			currentVersion = 4A4B5A7B20724CDC009480D1 /* iCoreData.xcdatamodel */;
			path = iCoreData.xcdatamodeld;
			sourceTree = "<group>";
			versionGroupType = wrapper.xcdatamodel;
		};
/* End XCVersionGroup section */
	};
	rootObject = 4A4B5A6320724CDC009480D1 /* Project object */;
}
